
Microsoft Visual Studio Solution File, Format Version 12.00
# Visual Studio 2013
VisualStudioVersion = 12.0.30723.0
MinimumVisualStudioVersion = 10.0.40219.1
Project("{FAE04EC0-301F-11D3-BF4B-00C04F79EFBC}") = "BinaryPasswords", "BinaryPasswords\BinaryPasswords.csproj", "{9A48E5E8-807C-4554-9B61-B7C87944C784}"
EndProject
Project("{FAE04EC0-301F-11D3-BF4B-00C04F79EFBC}") = "ColorfulRabbits", "ColorfulRabbits\ColorfulRabbits.csproj", "{024BB349-36D6-48F9-9535-33E3192FC6FE}"
EndProject
Global
	GlobalSection(SolutionConfigurationPlatforms) = preSolution
		Debug|Any CPU = Debug|Any CPU
		Release|Any CPU = Release|Any CPU
	EndGlobalSection
	GlobalSection(ProjectConfigurationPlatforms) = postSolution
		{9A48E5E8-807C-4554-9B61-B7C87944C784}.Debug|Any CPU.ActiveCfg = Debug|Any CPU
		{9A48E5E8-807C-4554-9B61-B7C87944C784}.Debug|Any CPU.Build.0 = Debug|Any CPU
		{9A48E5E8-807C-4554-9B61-B7C87944C784}.Release|Any CPU.ActiveCfg = Release|Any CPU
		{9A48E5E8-807C-4554-9B61-B7C87944C784}.Release|Any CPU.Build.0 = Release|Any CPU
		{024BB349-36D6-48F9-9535-33E3192FC6FE}.Debug|Any CPU.ActiveCfg = Debug|Any CPU
		{024BB349-36D6-48F9-9535-33E3192FC6FE}.Debug|Any CPU.Build.0 = Debug|Any CPU
		{024BB349-36D6-48F9-9535-33E3192FC6FE}.Release|Any CPU.ActiveCfg = Release|Any CPU
		{024BB349-36D6-48F9-9535-33E3192FC6FE}.Release|Any CPU.Build.0 = Release|Any CPU
	EndGlobalSection
	GlobalSection(SolutionProperties) = preSolution
		HideSolutionNode = FALSE
	EndGlobalSection
EndGlobal
