
Microsoft Visual Studio Solution File, Format Version 12.00
# Visual Studio 2013
VisualStudioVersion = 12.0.30110.0
MinimumVisualStudioVersion = 10.0.40219.1
Project("{FAE04EC0-301F-11D3-BF4B-00C04F79EFBC}") = "Task1", "NamingIdentifiers-Homework-KPK\Task1.csproj", "{A7811433-0F6C-4673-B877-C5AB785D6932}"
EndProject
Project("{FAE04EC0-301F-11D3-BF4B-00C04F79EFBC}") = "Task2", "Task2\Task2.csproj", "{BC6DD7FD-04E2-4E08-8099-9713B0D240B9}"
EndProject
Project("{FAE04EC0-301F-11D3-BF4B-00C04F79EFBC}") = "Task3", "Task3\Task3.csproj", "{13D2FE39-694F-44B5-800B-0A2B1379E906}"
EndProject
Global
	GlobalSection(SolutionConfigurationPlatforms) = preSolution
		Debug|Any CPU = Debug|Any CPU
		Release|Any CPU = Release|Any CPU
	EndGlobalSection
	GlobalSection(ProjectConfigurationPlatforms) = postSolution
		{A7811433-0F6C-4673-B877-C5AB785D6932}.Debug|Any CPU.ActiveCfg = Debug|Any CPU
		{A7811433-0F6C-4673-B877-C5AB785D6932}.Debug|Any CPU.Build.0 = Debug|Any CPU
		{A7811433-0F6C-4673-B877-C5AB785D6932}.Release|Any CPU.ActiveCfg = Release|Any CPU
		{A7811433-0F6C-4673-B877-C5AB785D6932}.Release|Any CPU.Build.0 = Release|Any CPU
		{BC6DD7FD-04E2-4E08-8099-9713B0D240B9}.Debug|Any CPU.ActiveCfg = Debug|Any CPU
		{BC6DD7FD-04E2-4E08-8099-9713B0D240B9}.Debug|Any CPU.Build.0 = Debug|Any CPU
		{BC6DD7FD-04E2-4E08-8099-9713B0D240B9}.Release|Any CPU.ActiveCfg = Release|Any CPU
		{BC6DD7FD-04E2-4E08-8099-9713B0D240B9}.Release|Any CPU.Build.0 = Release|Any CPU
		{13D2FE39-694F-44B5-800B-0A2B1379E906}.Debug|Any CPU.ActiveCfg = Debug|Any CPU
		{13D2FE39-694F-44B5-800B-0A2B1379E906}.Debug|Any CPU.Build.0 = Debug|Any CPU
		{13D2FE39-694F-44B5-800B-0A2B1379E906}.Release|Any CPU.ActiveCfg = Release|Any CPU
		{13D2FE39-694F-44B5-800B-0A2B1379E906}.Release|Any CPU.Build.0 = Release|Any CPU
	EndGlobalSection
	GlobalSection(SolutionProperties) = preSolution
		HideSolutionNode = FALSE
	EndGlobalSection
EndGlobal
