
Microsoft Visual Studio Solution File, Format Version 12.00
# Visual Studio 2013
VisualStudioVersion = 12.0.30501.0
MinimumVisualStudioVersion = 10.0.40219.1
Project("{FAE04EC0-301F-11D3-BF4B-00C04F79EFBC}") = "RotatingMatrix", "..\RotatingMatrix\RotatingMatrix.csproj", "{A374F5E5-1D88-4564-A1DC-BDC0A17754AA}"
EndProject
Project("{FAE04EC0-301F-11D3-BF4B-00C04F79EFBC}") = "MatrixTest", "MatrixTest\MatrixTest.csproj", "{C0930F52-FA2F-4098-8F18-E4F53CE22F45}"
EndProject
Global
	GlobalSection(SolutionConfigurationPlatforms) = preSolution
		Debug|Any CPU = Debug|Any CPU
		Debug|Mixed Platforms = Debug|Mixed Platforms
		Debug|x86 = Debug|x86
		Release|Any CPU = Release|Any CPU
		Release|Mixed Platforms = Release|Mixed Platforms
		Release|x86 = Release|x86
	EndGlobalSection
	GlobalSection(ProjectConfigurationPlatforms) = postSolution
		{A374F5E5-1D88-4564-A1DC-BDC0A17754AA}.Debug|Any CPU.ActiveCfg = Debug|Any CPU
		{A374F5E5-1D88-4564-A1DC-BDC0A17754AA}.Debug|Any CPU.Build.0 = Debug|Any CPU
		{A374F5E5-1D88-4564-A1DC-BDC0A17754AA}.Debug|Mixed Platforms.ActiveCfg = Debug|Any CPU
		{A374F5E5-1D88-4564-A1DC-BDC0A17754AA}.Debug|Mixed Platforms.Build.0 = Debug|Any CPU
		{A374F5E5-1D88-4564-A1DC-BDC0A17754AA}.Debug|x86.ActiveCfg = Debug|Any CPU
		{A374F5E5-1D88-4564-A1DC-BDC0A17754AA}.Release|Any CPU.ActiveCfg = Release|Any CPU
		{A374F5E5-1D88-4564-A1DC-BDC0A17754AA}.Release|Any CPU.Build.0 = Release|Any CPU
		{A374F5E5-1D88-4564-A1DC-BDC0A17754AA}.Release|Mixed Platforms.ActiveCfg = Release|Any CPU
		{A374F5E5-1D88-4564-A1DC-BDC0A17754AA}.Release|Mixed Platforms.Build.0 = Release|Any CPU
		{A374F5E5-1D88-4564-A1DC-BDC0A17754AA}.Release|x86.ActiveCfg = Release|Any CPU
		{C0930F52-FA2F-4098-8F18-E4F53CE22F45}.Debug|Any CPU.ActiveCfg = Debug|Any CPU
		{C0930F52-FA2F-4098-8F18-E4F53CE22F45}.Debug|Any CPU.Build.0 = Debug|Any CPU
		{C0930F52-FA2F-4098-8F18-E4F53CE22F45}.Debug|Mixed Platforms.ActiveCfg = Debug|Any CPU
		{C0930F52-FA2F-4098-8F18-E4F53CE22F45}.Debug|Mixed Platforms.Build.0 = Debug|Any CPU
		{C0930F52-FA2F-4098-8F18-E4F53CE22F45}.Debug|x86.ActiveCfg = Debug|Any CPU
		{C0930F52-FA2F-4098-8F18-E4F53CE22F45}.Release|Any CPU.ActiveCfg = Release|Any CPU
		{C0930F52-FA2F-4098-8F18-E4F53CE22F45}.Release|Any CPU.Build.0 = Release|Any CPU
		{C0930F52-FA2F-4098-8F18-E4F53CE22F45}.Release|Mixed Platforms.ActiveCfg = Release|Any CPU
		{C0930F52-FA2F-4098-8F18-E4F53CE22F45}.Release|Mixed Platforms.Build.0 = Release|Any CPU
		{C0930F52-FA2F-4098-8F18-E4F53CE22F45}.Release|x86.ActiveCfg = Release|Any CPU
	EndGlobalSection
	GlobalSection(SolutionProperties) = preSolution
		HideSolutionNode = FALSE
	EndGlobalSection
EndGlobal
