
Microsoft Visual Studio Solution File, Format Version 12.00
# Visual Studio 2013
VisualStudioVersion = 12.0.30501.0
MinimumVisualStudioVersion = 10.0.40219.1
Project("{FAE04EC0-301F-11D3-BF4B-00C04F79EFBC}") = "School", "School\School.csproj", "{1F083638-35E0-4CB7-8321-8541C4E68B71}"
EndProject
Project("{FAE04EC0-301F-11D3-BF4B-00C04F79EFBC}") = "TestSchool", "TestSchool\TestSchool.csproj", "{68FBCA0C-E558-44A6-83BC-E9AD49FF35FC}"
EndProject
Global
	GlobalSection(SolutionConfigurationPlatforms) = preSolution
		Debug|Any CPU = Debug|Any CPU
		Release|Any CPU = Release|Any CPU
	EndGlobalSection
	GlobalSection(ProjectConfigurationPlatforms) = postSolution
		{1F083638-35E0-4CB7-8321-8541C4E68B71}.Debug|Any CPU.ActiveCfg = Debug|Any CPU
		{1F083638-35E0-4CB7-8321-8541C4E68B71}.Debug|Any CPU.Build.0 = Debug|Any CPU
		{1F083638-35E0-4CB7-8321-8541C4E68B71}.Release|Any CPU.ActiveCfg = Release|Any CPU
		{1F083638-35E0-4CB7-8321-8541C4E68B71}.Release|Any CPU.Build.0 = Release|Any CPU
		{68FBCA0C-E558-44A6-83BC-E9AD49FF35FC}.Debug|Any CPU.ActiveCfg = Debug|Any CPU
		{68FBCA0C-E558-44A6-83BC-E9AD49FF35FC}.Debug|Any CPU.Build.0 = Debug|Any CPU
		{68FBCA0C-E558-44A6-83BC-E9AD49FF35FC}.Release|Any CPU.ActiveCfg = Release|Any CPU
		{68FBCA0C-E558-44A6-83BC-E9AD49FF35FC}.Release|Any CPU.Build.0 = Release|Any CPU
	EndGlobalSection
	GlobalSection(SolutionProperties) = preSolution
		HideSolutionNode = FALSE
	EndGlobalSection
EndGlobal
