
Microsoft Visual Studio Solution File, Format Version 12.00
# Visual Studio 2013
VisualStudioVersion = 12.0.30723.0
MinimumVisualStudioVersion = 10.0.40219.1
Project("{2150E333-8FDC-42A3-9474-1A3956D46DE8}") = "Web", "Web", "{C2F2F224-095A-45A3-B8B5-4533287358C5}"
EndProject
Project("{2150E333-8FDC-42A3-9474-1A3956D46DE8}") = "Data", "Data", "{4DF31B92-28B7-4B59-BA5A-96E4333E28A7}"
EndProject
Project("{FAE04EC0-301F-11D3-BF4B-00C04F79EFBC}") = "EasyPTC.Web", "EasyPTC.Web\EasyPTC.Web.csproj", "{CA3E2510-97BF-4D98-81CF-E098BD33BBBE}"
EndProject
Project("{FAE04EC0-301F-11D3-BF4B-00C04F79EFBC}") = "EasyPTC.Web.Tests", "EasyPTC.Web.Tests\EasyPTC.Web.Tests.csproj", "{58D210FC-0DF5-4366-AAD5-6EF6080E7E14}"
EndProject
Project("{FAE04EC0-301F-11D3-BF4B-00C04F79EFBC}") = "EasyPTC.Models", "EasyPTC.Models\EasyPTC.Models.csproj", "{E7399FED-F564-48F7-8A4A-58BCFC7EA90E}"
EndProject
Project("{FAE04EC0-301F-11D3-BF4B-00C04F79EFBC}") = "EasyPTC.Data", "EasyPTC.Data\EasyPTC.Data.csproj", "{B86ECD65-80CF-4457-92BE-F52654FCE3D7}"
EndProject
Project("{FAE04EC0-301F-11D3-BF4B-00C04F79EFBC}") = "EasyPTC.Contracts", "EasyPTC.Contracts\EasyPTC.Contracts.csproj", "{B3FB29EB-D18C-4801-8EC6-6AFC2CF0CC5A}"
EndProject
Project("{2150E333-8FDC-42A3-9474-1A3956D46DE8}") = "Common", "Common", "{548CE356-285E-41EB-9DE3-043E240F0918}"
EndProject
Project("{FAE04EC0-301F-11D3-BF4B-00C04F79EFBC}") = "EasyPTC.Common", "EasyPTC.Common\EasyPTC.Common.csproj", "{47784043-B873-4E27-A893-B4B14C50A00F}"
EndProject
Global
	GlobalSection(SolutionConfigurationPlatforms) = preSolution
		Debug|Any CPU = Debug|Any CPU
		Release|Any CPU = Release|Any CPU
	EndGlobalSection
	GlobalSection(ProjectConfigurationPlatforms) = postSolution
		{CA3E2510-97BF-4D98-81CF-E098BD33BBBE}.Debug|Any CPU.ActiveCfg = Debug|Any CPU
		{CA3E2510-97BF-4D98-81CF-E098BD33BBBE}.Debug|Any CPU.Build.0 = Debug|Any CPU
		{CA3E2510-97BF-4D98-81CF-E098BD33BBBE}.Release|Any CPU.ActiveCfg = Release|Any CPU
		{CA3E2510-97BF-4D98-81CF-E098BD33BBBE}.Release|Any CPU.Build.0 = Release|Any CPU
		{58D210FC-0DF5-4366-AAD5-6EF6080E7E14}.Debug|Any CPU.ActiveCfg = Debug|Any CPU
		{58D210FC-0DF5-4366-AAD5-6EF6080E7E14}.Debug|Any CPU.Build.0 = Debug|Any CPU
		{58D210FC-0DF5-4366-AAD5-6EF6080E7E14}.Release|Any CPU.ActiveCfg = Release|Any CPU
		{58D210FC-0DF5-4366-AAD5-6EF6080E7E14}.Release|Any CPU.Build.0 = Release|Any CPU
		{E7399FED-F564-48F7-8A4A-58BCFC7EA90E}.Debug|Any CPU.ActiveCfg = Debug|Any CPU
		{E7399FED-F564-48F7-8A4A-58BCFC7EA90E}.Debug|Any CPU.Build.0 = Debug|Any CPU
		{E7399FED-F564-48F7-8A4A-58BCFC7EA90E}.Release|Any CPU.ActiveCfg = Release|Any CPU
		{E7399FED-F564-48F7-8A4A-58BCFC7EA90E}.Release|Any CPU.Build.0 = Release|Any CPU
		{B86ECD65-80CF-4457-92BE-F52654FCE3D7}.Debug|Any CPU.ActiveCfg = Debug|Any CPU
		{B86ECD65-80CF-4457-92BE-F52654FCE3D7}.Debug|Any CPU.Build.0 = Debug|Any CPU
		{B86ECD65-80CF-4457-92BE-F52654FCE3D7}.Release|Any CPU.ActiveCfg = Release|Any CPU
		{B86ECD65-80CF-4457-92BE-F52654FCE3D7}.Release|Any CPU.Build.0 = Release|Any CPU
		{B3FB29EB-D18C-4801-8EC6-6AFC2CF0CC5A}.Debug|Any CPU.ActiveCfg = Debug|Any CPU
		{B3FB29EB-D18C-4801-8EC6-6AFC2CF0CC5A}.Debug|Any CPU.Build.0 = Debug|Any CPU
		{B3FB29EB-D18C-4801-8EC6-6AFC2CF0CC5A}.Release|Any CPU.ActiveCfg = Release|Any CPU
		{B3FB29EB-D18C-4801-8EC6-6AFC2CF0CC5A}.Release|Any CPU.Build.0 = Release|Any CPU
		{47784043-B873-4E27-A893-B4B14C50A00F}.Debug|Any CPU.ActiveCfg = Debug|Any CPU
		{47784043-B873-4E27-A893-B4B14C50A00F}.Debug|Any CPU.Build.0 = Debug|Any CPU
		{47784043-B873-4E27-A893-B4B14C50A00F}.Release|Any CPU.ActiveCfg = Release|Any CPU
		{47784043-B873-4E27-A893-B4B14C50A00F}.Release|Any CPU.Build.0 = Release|Any CPU
	EndGlobalSection
	GlobalSection(SolutionProperties) = preSolution
		HideSolutionNode = FALSE
	EndGlobalSection
	GlobalSection(NestedProjects) = preSolution
		{CA3E2510-97BF-4D98-81CF-E098BD33BBBE} = {C2F2F224-095A-45A3-B8B5-4533287358C5}
		{58D210FC-0DF5-4366-AAD5-6EF6080E7E14} = {C2F2F224-095A-45A3-B8B5-4533287358C5}
		{E7399FED-F564-48F7-8A4A-58BCFC7EA90E} = {4DF31B92-28B7-4B59-BA5A-96E4333E28A7}
		{B86ECD65-80CF-4457-92BE-F52654FCE3D7} = {4DF31B92-28B7-4B59-BA5A-96E4333E28A7}
		{B3FB29EB-D18C-4801-8EC6-6AFC2CF0CC5A} = {4DF31B92-28B7-4B59-BA5A-96E4333E28A7}
		{47784043-B873-4E27-A893-B4B14C50A00F} = {548CE356-285E-41EB-9DE3-043E240F0918}
	EndGlobalSection
EndGlobal
