
Microsoft Visual Studio Solution File, Format Version 12.00
# Visual Studio 2013
VisualStudioVersion = 12.0.30501.0
MinimumVisualStudioVersion = 10.0.40219.1
Project("{FAE04EC0-301F-11D3-BF4B-00C04F79EFBC}") = "Consuming-Remote-Data", "WebApplication1\Consuming-Remote-Data.csproj", "{AFA88156-98AF-4492-952D-598D9B3A55A9}"
EndProject
Global
	GlobalSection(SolutionConfigurationPlatforms) = preSolution
		Debug|Any CPU = Debug|Any CPU
		Release|Any CPU = Release|Any CPU
	EndGlobalSection
	GlobalSection(ProjectConfigurationPlatforms) = postSolution
		{AFA88156-98AF-4492-952D-598D9B3A55A9}.Debug|Any CPU.ActiveCfg = Debug|Any CPU
		{AFA88156-98AF-4492-952D-598D9B3A55A9}.Debug|Any CPU.Build.0 = Debug|Any CPU
		{AFA88156-98AF-4492-952D-598D9B3A55A9}.Release|Any CPU.ActiveCfg = Release|Any CPU
		{AFA88156-98AF-4492-952D-598D9B3A55A9}.Release|Any CPU.Build.0 = Release|Any CPU
	EndGlobalSection
	GlobalSection(SolutionProperties) = preSolution
		HideSolutionNode = FALSE
	EndGlobalSection
EndGlobal
