
Microsoft Visual Studio Solution File, Format Version 12.00
# Visual Studio Express 2013 for Windows Desktop
VisualStudioVersion = 12.0.21005.1
MinimumVisualStudioVersion = 10.0.40219.1
Project("{FAE04EC0-301F-11D3-BF4B-00C04F79EFBC}") = "01-03. Student", "01-03. Student\01-03. Student.csproj", "{EC080A90-8A7F-43F2-8B79-AD0AD8CF5661}"
EndProject
Project("{FAE04EC0-301F-11D3-BF4B-00C04F79EFBC}") = "04. Person", "04. Person\04. Person.csproj", "{50C7EA31-4292-4A97-A6BB-60B8E364B5AB}"
EndProject
Project("{FAE04EC0-301F-11D3-BF4B-00C04F79EFBC}") = "05. BitArray64", "05. BitArray64\05. BitArray64.csproj", "{9FC9CD07-061E-47E0-AB01-DF153230386D}"
EndProject
Global
	GlobalSection(SolutionConfigurationPlatforms) = preSolution
		Debug|Any CPU = Debug|Any CPU
		Release|Any CPU = Release|Any CPU
	EndGlobalSection
	GlobalSection(ProjectConfigurationPlatforms) = postSolution
		{EC080A90-8A7F-43F2-8B79-AD0AD8CF5661}.Debug|Any CPU.ActiveCfg = Debug|Any CPU
		{EC080A90-8A7F-43F2-8B79-AD0AD8CF5661}.Debug|Any CPU.Build.0 = Debug|Any CPU
		{EC080A90-8A7F-43F2-8B79-AD0AD8CF5661}.Release|Any CPU.ActiveCfg = Release|Any CPU
		{EC080A90-8A7F-43F2-8B79-AD0AD8CF5661}.Release|Any CPU.Build.0 = Release|Any CPU
		{50C7EA31-4292-4A97-A6BB-60B8E364B5AB}.Debug|Any CPU.ActiveCfg = Debug|Any CPU
		{50C7EA31-4292-4A97-A6BB-60B8E364B5AB}.Debug|Any CPU.Build.0 = Debug|Any CPU
		{50C7EA31-4292-4A97-A6BB-60B8E364B5AB}.Release|Any CPU.ActiveCfg = Release|Any CPU
		{50C7EA31-4292-4A97-A6BB-60B8E364B5AB}.Release|Any CPU.Build.0 = Release|Any CPU
		{9FC9CD07-061E-47E0-AB01-DF153230386D}.Debug|Any CPU.ActiveCfg = Debug|Any CPU
		{9FC9CD07-061E-47E0-AB01-DF153230386D}.Debug|Any CPU.Build.0 = Debug|Any CPU
		{9FC9CD07-061E-47E0-AB01-DF153230386D}.Release|Any CPU.ActiveCfg = Release|Any CPU
		{9FC9CD07-061E-47E0-AB01-DF153230386D}.Release|Any CPU.Build.0 = Release|Any CPU
	EndGlobalSection
	GlobalSection(SolutionProperties) = preSolution
		HideSolutionNode = FALSE
	EndGlobalSection
EndGlobal
