
Microsoft Visual Studio Solution File, Format Version 12.00
# Visual Studio 2013
VisualStudioVersion = 12.0.30723.0
MinimumVisualStudioVersion = 10.0.40219.1
Project("{FAE04EC0-301F-11D3-BF4B-00C04F79EFBC}") = "DatabaseFirst", "DatabaseFirst\DatabaseFirst.csproj", "{7E987C44-B45F-462F-A546-2F66E81F1DF5}"
EndProject
Project("{FAE04EC0-301F-11D3-BF4B-00C04F79EFBC}") = "ModelFirst", "ModelFirst\ModelFirst.csproj", "{C3EB0880-9FAF-41FC-B316-E83A961657A2}"
EndProject
Global
	GlobalSection(SolutionConfigurationPlatforms) = preSolution
		Debug|Any CPU = Debug|Any CPU
		Release|Any CPU = Release|Any CPU
	EndGlobalSection
	GlobalSection(ProjectConfigurationPlatforms) = postSolution
		{7E987C44-B45F-462F-A546-2F66E81F1DF5}.Debug|Any CPU.ActiveCfg = Debug|Any CPU
		{7E987C44-B45F-462F-A546-2F66E81F1DF5}.Debug|Any CPU.Build.0 = Debug|Any CPU
		{7E987C44-B45F-462F-A546-2F66E81F1DF5}.Release|Any CPU.ActiveCfg = Release|Any CPU
		{7E987C44-B45F-462F-A546-2F66E81F1DF5}.Release|Any CPU.Build.0 = Release|Any CPU
		{C3EB0880-9FAF-41FC-B316-E83A961657A2}.Debug|Any CPU.ActiveCfg = Debug|Any CPU
		{C3EB0880-9FAF-41FC-B316-E83A961657A2}.Debug|Any CPU.Build.0 = Debug|Any CPU
		{C3EB0880-9FAF-41FC-B316-E83A961657A2}.Release|Any CPU.ActiveCfg = Release|Any CPU
		{C3EB0880-9FAF-41FC-B316-E83A961657A2}.Release|Any CPU.Build.0 = Release|Any CPU
	EndGlobalSection
	GlobalSection(SolutionProperties) = preSolution
		HideSolutionNode = FALSE
	EndGlobalSection
EndGlobal
