
Microsoft Visual Studio Solution File, Format Version 12.00
# Visual Studio 2013
VisualStudioVersion = 12.0.21005.1
MinimumVisualStudioVersion = 10.0.40219.1
Project("{FAE04EC0-301F-11D3-BF4B-00C04F79EFBC}") = "Practice0", "Practice0\Practice0.csproj", "{A503A396-113F-422E-B02A-BA0FC707FC6A}"
EndProject
Global
	GlobalSection(SolutionConfigurationPlatforms) = preSolution
		Debug|Any CPU = Debug|Any CPU
		Release|Any CPU = Release|Any CPU
	EndGlobalSection
	GlobalSection(ProjectConfigurationPlatforms) = postSolution
		{A503A396-113F-422E-B02A-BA0FC707FC6A}.Debug|Any CPU.ActiveCfg = Debug|Any CPU
		{A503A396-113F-422E-B02A-BA0FC707FC6A}.Debug|Any CPU.Build.0 = Debug|Any CPU
		{A503A396-113F-422E-B02A-BA0FC707FC6A}.Release|Any CPU.ActiveCfg = Release|Any CPU
		{A503A396-113F-422E-B02A-BA0FC707FC6A}.Release|Any CPU.Build.0 = Release|Any CPU
	EndGlobalSection
	GlobalSection(SolutionProperties) = preSolution
		HideSolutionNode = FALSE
	EndGlobalSection
EndGlobal
