
Microsoft Visual Studio Solution File, Format Version 12.00
# Visual Studio 2013
VisualStudioVersion = 12.0.30723.0
MinimumVisualStudioVersion = 10.0.40219.1
Project("{FAE04EC0-301F-11D3-BF4B-00C04F79EFBC}") = "01. PriorityQueue", "Advanced-Data-Structures-Homework\01. PriorityQueue.csproj", "{014CFF60-9A64-4B55-A4EB-E577957BE39B}"
EndProject
Project("{FAE04EC0-301F-11D3-BF4B-00C04F79EFBC}") = "02. LargeCollection", "02.LargeCollection\02. LargeCollection.csproj", "{6DD29C5B-B794-41AF-AA58-B140785D1EBF}"
EndProject
Project("{FAE04EC0-301F-11D3-BF4B-00C04F79EFBC}") = "03. Trie", "03. Trie\03. Trie.csproj", "{8F485EB3-FEAA-4ABA-BF09-239E31D49477}"
EndProject
Global
	GlobalSection(SolutionConfigurationPlatforms) = preSolution
		Debug|Any CPU = Debug|Any CPU
		Release|Any CPU = Release|Any CPU
	EndGlobalSection
	GlobalSection(ProjectConfigurationPlatforms) = postSolution
		{014CFF60-9A64-4B55-A4EB-E577957BE39B}.Debug|Any CPU.ActiveCfg = Debug|Any CPU
		{014CFF60-9A64-4B55-A4EB-E577957BE39B}.Debug|Any CPU.Build.0 = Debug|Any CPU
		{014CFF60-9A64-4B55-A4EB-E577957BE39B}.Release|Any CPU.ActiveCfg = Release|Any CPU
		{014CFF60-9A64-4B55-A4EB-E577957BE39B}.Release|Any CPU.Build.0 = Release|Any CPU
		{6DD29C5B-B794-41AF-AA58-B140785D1EBF}.Debug|Any CPU.ActiveCfg = Debug|Any CPU
		{6DD29C5B-B794-41AF-AA58-B140785D1EBF}.Debug|Any CPU.Build.0 = Debug|Any CPU
		{6DD29C5B-B794-41AF-AA58-B140785D1EBF}.Release|Any CPU.ActiveCfg = Release|Any CPU
		{6DD29C5B-B794-41AF-AA58-B140785D1EBF}.Release|Any CPU.Build.0 = Release|Any CPU
		{8F485EB3-FEAA-4ABA-BF09-239E31D49477}.Debug|Any CPU.ActiveCfg = Debug|Any CPU
		{8F485EB3-FEAA-4ABA-BF09-239E31D49477}.Debug|Any CPU.Build.0 = Debug|Any CPU
		{8F485EB3-FEAA-4ABA-BF09-239E31D49477}.Release|Any CPU.ActiveCfg = Release|Any CPU
		{8F485EB3-FEAA-4ABA-BF09-239E31D49477}.Release|Any CPU.Build.0 = Release|Any CPU
	EndGlobalSection
	GlobalSection(SolutionProperties) = preSolution
		HideSolutionNode = FALSE
	EndGlobalSection
EndGlobal
