
Microsoft Visual Studio Solution File, Format Version 12.00
# Visual Studio 2013
VisualStudioVersion = 12.0.30501.0
MinimumVisualStudioVersion = 10.0.40219.1
Project("{FAE04EC0-301F-11D3-BF4B-00C04F79EFBC}") = "Task-1", "Task-1\Task-1.csproj", "{F85F308F-06AA-470A-B848-FAB894DA6222}"
EndProject
Project("{FAE04EC0-301F-11D3-BF4B-00C04F79EFBC}") = "Task-1-Doncho", "Task-1-Doncho\Task-1-Doncho.csproj", "{9FE13A0D-6CD9-4841-A92C-883A19C1B970}"
EndProject
Project("{FAE04EC0-301F-11D3-BF4B-00C04F79EFBC}") = "Task-1-Mine", "Task-1-Mine\Task-1-Mine.csproj", "{09500E06-4D2E-404F-A0F6-C14CE2D12A43}"
EndProject
Project("{FAE04EC0-301F-11D3-BF4B-00C04F79EFBC}") = "Task-2-Ivaylo", "Task-2-Ivaylo\Task-2-Ivaylo.csproj", "{1D71C297-9237-4113-AE26-A5BCB88A655C}"
EndProject
Project("{FAE04EC0-301F-11D3-BF4B-00C04F79EFBC}") = "Task-2-Doncho", "Task-2-Doncho\Task-2-Doncho.csproj", "{757A3F42-A4CD-4F97-A62D-30FA21430B3D}"
EndProject
Global
	GlobalSection(SolutionConfigurationPlatforms) = preSolution
		Debug|Any CPU = Debug|Any CPU
		Release|Any CPU = Release|Any CPU
	EndGlobalSection
	GlobalSection(ProjectConfigurationPlatforms) = postSolution
		{F85F308F-06AA-470A-B848-FAB894DA6222}.Debug|Any CPU.ActiveCfg = Debug|Any CPU
		{F85F308F-06AA-470A-B848-FAB894DA6222}.Debug|Any CPU.Build.0 = Debug|Any CPU
		{F85F308F-06AA-470A-B848-FAB894DA6222}.Release|Any CPU.ActiveCfg = Release|Any CPU
		{F85F308F-06AA-470A-B848-FAB894DA6222}.Release|Any CPU.Build.0 = Release|Any CPU
		{9FE13A0D-6CD9-4841-A92C-883A19C1B970}.Debug|Any CPU.ActiveCfg = Debug|Any CPU
		{9FE13A0D-6CD9-4841-A92C-883A19C1B970}.Debug|Any CPU.Build.0 = Debug|Any CPU
		{9FE13A0D-6CD9-4841-A92C-883A19C1B970}.Release|Any CPU.ActiveCfg = Release|Any CPU
		{9FE13A0D-6CD9-4841-A92C-883A19C1B970}.Release|Any CPU.Build.0 = Release|Any CPU
		{09500E06-4D2E-404F-A0F6-C14CE2D12A43}.Debug|Any CPU.ActiveCfg = Debug|Any CPU
		{09500E06-4D2E-404F-A0F6-C14CE2D12A43}.Debug|Any CPU.Build.0 = Debug|Any CPU
		{09500E06-4D2E-404F-A0F6-C14CE2D12A43}.Release|Any CPU.ActiveCfg = Release|Any CPU
		{09500E06-4D2E-404F-A0F6-C14CE2D12A43}.Release|Any CPU.Build.0 = Release|Any CPU
		{1D71C297-9237-4113-AE26-A5BCB88A655C}.Debug|Any CPU.ActiveCfg = Debug|Any CPU
		{1D71C297-9237-4113-AE26-A5BCB88A655C}.Debug|Any CPU.Build.0 = Debug|Any CPU
		{1D71C297-9237-4113-AE26-A5BCB88A655C}.Release|Any CPU.ActiveCfg = Release|Any CPU
		{1D71C297-9237-4113-AE26-A5BCB88A655C}.Release|Any CPU.Build.0 = Release|Any CPU
		{757A3F42-A4CD-4F97-A62D-30FA21430B3D}.Debug|Any CPU.ActiveCfg = Debug|Any CPU
		{757A3F42-A4CD-4F97-A62D-30FA21430B3D}.Debug|Any CPU.Build.0 = Debug|Any CPU
		{757A3F42-A4CD-4F97-A62D-30FA21430B3D}.Release|Any CPU.ActiveCfg = Release|Any CPU
		{757A3F42-A4CD-4F97-A62D-30FA21430B3D}.Release|Any CPU.Build.0 = Release|Any CPU
	EndGlobalSection
	GlobalSection(SolutionProperties) = preSolution
		HideSolutionNode = FALSE
	EndGlobalSection
EndGlobal
